
Microsoft Visual Studio Solution File, Format Version 12.00
# Visual Studio Version 17
VisualStudioVersion = 17.8.34601.278
MinimumVisualStudioVersion = 10.0.40219.1
Project("{FAE04EC0-301F-11D3-BF4B-00C04F79EFBC}") = "Prakt_16_02_24", "Prakt_16_02_24\Prakt_16_02_24.csproj", "{7F024762-3735-420C-BE0C-320B07549349}"
EndProject
Global
	GlobalSection(SolutionConfigurationPlatforms) = preSolution
		Debug|Any CPU = Debug|Any CPU
		Release|Any CPU = Release|Any CPU
	EndGlobalSection
	GlobalSection(ProjectConfigurationPlatforms) = postSolution
		{7F024762-3735-420C-BE0C-320B07549349}.Debug|Any CPU.ActiveCfg = Debug|Any CPU
		{7F024762-3735-420C-BE0C-320B07549349}.Debug|Any CPU.Build.0 = Debug|Any CPU
		{7F024762-3735-420C-BE0C-320B07549349}.Release|Any CPU.ActiveCfg = Release|Any CPU
		{7F024762-3735-420C-BE0C-320B07549349}.Release|Any CPU.Build.0 = Release|Any CPU
	EndGlobalSection
	GlobalSection(SolutionProperties) = preSolution
		HideSolutionNode = FALSE
	EndGlobalSection
	GlobalSection(ExtensibilityGlobals) = postSolution
		SolutionGuid = {981842C6-83B7-4445-80B8-6789AEB96F62}
	EndGlobalSection
EndGlobal
